# This file is generated by running "yarn install" inside your project.
# Manual changes might be lost - proceed with caution!

__metadata:
  version: 4
  cacheKey: 7

"@floriver/monorepo@workspace:.":
  version: 0.0.0-use.local
  resolution: "@floriver/monorepo@workspace:."
  dependencies:
    typescript: ^4.3.4
  languageName: unknown
  linkType: soft

typescript@^4.3.4:
  version: 4.3.4
  resolution: "typescript@npm:4.3.4"
  bin:
    tsc: bin/tsc
    tsserver: bin/tsserver
  checksum: 9791c5fe98db6cb70ec0efad8d3d2eb957b9643ee600b90bff49267de69768d0d5f59c41a8fd731cfd63df1ccfb2cb25505a2015d7b39ac10ea51f605a058e16
  languageName: node
  linkType: hard

"typescript@patch:typescript@^4.3.4#builtin<compat/typescript>":
  version: 4.3.4
  resolution: "typescript@patch:typescript@npm%3A4.3.4#builtin<compat/typescript>::version=4.3.4&hash=ddfc1b"
  bin:
    tsc: bin/tsc
    tsserver: bin/tsserver
  checksum: c8766e84a4f71e925cc059af8286cc7f41819fe821d433b90c83e9b36729cbda7a8e4be3292d8a1433cd717d529c93217d58d173418f43862290b206bd88b284
  languageName: node
  linkType: hard
